
Microsoft Visual Studio Solution File, Format Version 12.00
# Visual Studio Version 16
VisualStudioVersion = 16.0.28729.10
MinimumVisualStudioVersion = 10.0.40219.1
Project("{FAE04EC0-301F-11D3-BF4B-00C04F79EFBC}") = "WPF App", "WPF App\WPF App.csproj", "{E4BA249E-784B-4FE7-98A9-3B1C9CDA6F80}"
EndProject
Global
	GlobalSection(SolutionConfigurationPlatforms) = preSolution
		Debug|Any CPU = Debug|Any CPU
		Release|Any CPU = Release|Any CPU
	EndGlobalSection
	GlobalSection(ProjectConfigurationPlatforms) = postSolution
		{E4BA249E-784B-4FE7-98A9-3B1C9CDA6F80}.Debug|Any CPU.ActiveCfg = Debug|Any CPU
		{E4BA249E-784B-4FE7-98A9-3B1C9CDA6F80}.Debug|Any CPU.Build.0 = Debug|Any CPU
		{E4BA249E-784B-4FE7-98A9-3B1C9CDA6F80}.Release|Any CPU.ActiveCfg = Release|Any CPU
		{E4BA249E-784B-4FE7-98A9-3B1C9CDA6F80}.Release|Any CPU.Build.0 = Release|Any CPU
	EndGlobalSection
	GlobalSection(SolutionProperties) = preSolution
		HideSolutionNode = FALSE
	EndGlobalSection
	GlobalSection(ExtensibilityGlobals) = postSolution
		SolutionGuid = {5B82CB52-A3C3-4D3A-B95F-D8B78DBC8FF9}
	EndGlobalSection
EndGlobal
